// !$*UTF8*$!
{
	archiveVersion = 1;
	classes = {
	};
	objectVersion = 50;
	objects = {

/* Begin PBXBuildFile section */
		9A8E749F25B12170009478E0 /* AppDelegate.swift in Sources */ = {isa = PBXBuildFile; fileRef = 9A8E749E25B12170009478E0 /* AppDelegate.swift */; };
		9A8E74A125B12170009478E0 /* SceneDelegate.swift in Sources */ = {isa = PBXBuildFile; fileRef = 9A8E74A025B12170009478E0 /* SceneDelegate.swift */; };
		9A8E74A325B12170009478E0 /* ViewController.swift in Sources */ = {isa = PBXBuildFile; fileRef = 9A8E74A225B12170009478E0 /* ViewController.swift */; };
		9A8E74A625B12170009478E0 /* Main.storyboard in Resources */ = {isa = PBXBuildFile; fileRef = 9A8E74A425B12170009478E0 /* Main.storyboard */; };
		9A8E74A825B12171009478E0 /* Assets.xcassets in Resources */ = {isa = PBXBuildFile; fileRef = 9A8E74A725B12171009478E0 /* Assets.xcassets */; };
		9A8E74AB25B12171009478E0 /* LaunchScreen.storyboard in Resources */ = {isa = PBXBuildFile; fileRef = 9A8E74A925B12171009478E0 /* LaunchScreen.storyboard */; };
		9A8E74B625B12171009478E0 /* NewStyleButtonTests.swift in Sources */ = {isa = PBXBuildFile; fileRef = 9A8E74B525B12171009478E0 /* NewStyleButtonTests.swift */; };
		9A8E74C125B12171009478E0 /* NewStyleButtonUITests.swift in Sources */ = {isa = PBXBuildFile; fileRef = 9A8E74C025B12171009478E0 /* NewStyleButtonUITests.swift */; };
/* End PBXBuildFile section */

/* Begin PBXContainerItemProxy section */
		9A8E74B225B12171009478E0 /* PBXContainerItemProxy */ = {
			isa = PBXContainerItemProxy;
			containerPortal = 9A8E749325B12170009478E0 /* Project object */;
			proxyType = 1;
			remoteGlobalIDString = 9A8E749A25B12170009478E0;
			remoteInfo = NewStyleButton;
		};
		9A8E74BD25B12171009478E0 /* PBXContainerItemProxy */ = {
			isa = PBXContainerItemProxy;
			containerPortal = 9A8E749325B12170009478E0 /* Project object */;
			proxyType = 1;
			remoteGlobalIDString = 9A8E749A25B12170009478E0;
			remoteInfo = NewStyleButton;
		};
/* End PBXContainerItemProxy section */

/* Begin PBXFileReference section */
		9A8E749B25B12170009478E0 /* NewStyleButton.app */ = {isa = PBXFileReference; explicitFileType = wrapper.application; includeInIndex = 0; path = NewStyleButton.app; sourceTree = BUILT_PRODUCTS_DIR; };
		9A8E749E25B12170009478E0 /* AppDelegate.swift */ = {isa = PBXFileReference; lastKnownFileType = sourcecode.swift; path = AppDelegate.swift; sourceTree = "<group>"; };
		9A8E74A025B12170009478E0 /* SceneDelegate.swift */ = {isa = PBXFileReference; lastKnownFileType = sourcecode.swift; path = SceneDelegate.swift; sourceTree = "<group>"; };
		9A8E74A225B12170009478E0 /* ViewController.swift */ = {isa = PBXFileReference; lastKnownFileType = sourcecode.swift; path = ViewController.swift; sourceTree = "<group>"; };
		9A8E74A525B12170009478E0 /* Base */ = {isa = PBXFileReference; lastKnownFileType = file.storyboard; name = Base; path = Base.lproj/Main.storyboard; sourceTree = "<group>"; };
		9A8E74A725B12171009478E0 /* Assets.xcassets */ = {isa = PBXFileReference; lastKnownFileType = folder.assetcatalog; path = Assets.xcassets; sourceTree = "<group>"; };
		9A8E74AA25B12171009478E0 /* Base */ = {isa = PBXFileReference; lastKnownFileType = file.storyboard; name = Base; path = Base.lproj/LaunchScreen.storyboard; sourceTree = "<group>"; };
		9A8E74AC25B12171009478E0 /* Info.plist */ = {isa = PBXFileReference; lastKnownFileType = text.plist.xml; path = Info.plist; sourceTree = "<group>"; };
		9A8E74B125B12171009478E0 /* NewStyleButtonTests.xctest */ = {isa = PBXFileReference; explicitFileType = wrapper.cfbundle; includeInIndex = 0; path = NewStyleButtonTests.xctest; sourceTree = BUILT_PRODUCTS_DIR; };
		9A8E74B525B12171009478E0 /* NewStyleButtonTests.swift */ = {isa = PBXFileReference; lastKnownFileType = sourcecode.swift; path = NewStyleButtonTests.swift; sourceTree = "<group>"; };
		9A8E74B725B12171009478E0 /* Info.plist */ = {isa = PBXFileReference; lastKnownFileType = text.plist.xml; path = Info.plist; sourceTree = "<group>"; };
		9A8E74BC25B12171009478E0 /* NewStyleButtonUITests.xctest */ = {isa = PBXFileReference; explicitFileType = wrapper.cfbundle; includeInIndex = 0; path = NewStyleButtonUITests.xctest; sourceTree = BUILT_PRODUCTS_DIR; };
		9A8E74C025B12171009478E0 /* NewStyleButtonUITests.swift */ = {isa = PBXFileReference; lastKnownFileType = sourcecode.swift; path = NewStyleButtonUITests.swift; sourceTree = "<group>"; };
		9A8E74C225B12171009478E0 /* Info.plist */ = {isa = PBXFileReference; lastKnownFileType = text.plist.xml; path = Info.plist; sourceTree = "<group>"; };
/* End PBXFileReference section */

/* Begin PBXFrameworksBuildPhase section */
		9A8E749825B12170009478E0 /* Frameworks */ = {
			isa = PBXFrameworksBuildPhase;
			buildActionMask = 2147483647;
			files = (
			);
			runOnlyForDeploymentPostprocessing = 0;
		};
		9A8E74AE25B12171009478E0 /* Frameworks */ = {
			isa = PBXFrameworksBuildPhase;
			buildActionMask = 2147483647;
			files = (
			);
			runOnlyForDeploymentPostprocessing = 0;
		};
		9A8E74B925B12171009478E0 /* Frameworks */ = {
			isa = PBXFrameworksBuildPhase;
			buildActionMask = 2147483647;
			files = (
			);
			runOnlyForDeploymentPostprocessing = 0;
		};
/* End PBXFrameworksBuildPhase section */

/* Begin PBXGroup section */
		9A8E749225B12170009478E0 = {
			isa = PBXGroup;
			children = (
				9A8E749D25B12170009478E0 /* NewStyleButton */,
				9A8E74B425B12171009478E0 /* NewStyleButtonTests */,
				9A8E74BF25B12171009478E0 /* NewStyleButtonUITests */,
				9A8E749C25B12170009478E0 /* Products */,
			);
			sourceTree = "<group>";
		};
		9A8E749C25B12170009478E0 /* Products */ = {
			isa = PBXGroup;
			children = (
				9A8E749B25B12170009478E0 /* NewStyleButton.app */,
				9A8E74B125B12171009478E0 /* NewStyleButtonTests.xctest */,
				9A8E74BC25B12171009478E0 /* NewStyleButtonUITests.xctest */,
			);
			name = Products;
			sourceTree = "<group>";
		};
		9A8E749D25B12170009478E0 /* NewStyleButton */ = {
			isa = PBXGroup;
			children = (
				9A8E749E25B12170009478E0 /* AppDelegate.swift */,
				9A8E74A025B12170009478E0 /* SceneDelegate.swift */,
				9A8E74A225B12170009478E0 /* ViewController.swift */,
				9A8E74A425B12170009478E0 /* Main.storyboard */,
				9A8E74A725B12171009478E0 /* Assets.xcassets */,
				9A8E74A925B12171009478E0 /* LaunchScreen.storyboard */,
				9A8E74AC25B12171009478E0 /* Info.plist */,
			);
			path = NewStyleButton;
			sourceTree = "<group>";
		};
		9A8E74B425B12171009478E0 /* NewStyleButtonTests */ = {
			isa = PBXGroup;
			children = (
				9A8E74B525B12171009478E0 /* NewStyleButtonTests.swift */,
				9A8E74B725B12171009478E0 /* Info.plist */,
			);
			path = NewStyleButtonTests;
			sourceTree = "<group>";
		};
		9A8E74BF25B12171009478E0 /* NewStyleButtonUITests */ = {
			isa = PBXGroup;
			children = (
				9A8E74C025B12171009478E0 /* NewStyleButtonUITests.swift */,
				9A8E74C225B12171009478E0 /* Info.plist */,
			);
			path = NewStyleButtonUITests;
			sourceTree = "<group>";
		};
/* End PBXGroup section */

/* Begin PBXNativeTarget section */
		9A8E749A25B12170009478E0 /* NewStyleButton */ = {
			isa = PBXNativeTarget;
			buildConfigurationList = 9A8E74C525B12171009478E0 /* Build configuration list for PBXNativeTarget "NewStyleButton" */;
			buildPhases = (
				9A8E749725B12170009478E0 /* Sources */,
				9A8E749825B12170009478E0 /* Frameworks */,
				9A8E749925B12170009478E0 /* Resources */,
			);
			buildRules = (
			);
			dependencies = (
			);
			name = NewStyleButton;
			productName = NewStyleButton;
			productReference = 9A8E749B25B12170009478E0 /* NewStyleButton.app */;
			productType = "com.apple.product-type.application";
		};
		9A8E74B025B12171009478E0 /* NewStyleButtonTests */ = {
			isa = PBXNativeTarget;
			buildConfigurationList = 9A8E74C825B12171009478E0 /* Build configuration list for PBXNativeTarget "NewStyleButtonTests" */;
			buildPhases = (
				9A8E74AD25B12171009478E0 /* Sources */,
				9A8E74AE25B12171009478E0 /* Frameworks */,
				9A8E74AF25B12171009478E0 /* Resources */,
			);
			buildRules = (
			);
			dependencies = (
				9A8E74B325B12171009478E0 /* PBXTargetDependency */,
			);
			name = NewStyleButtonTests;
			productName = NewStyleButtonTests;
			productReference = 9A8E74B125B12171009478E0 /* NewStyleButtonTests.xctest */;
			productType = "com.apple.product-type.bundle.unit-test";
		};
		9A8E74BB25B12171009478E0 /* NewStyleButtonUITests */ = {
			isa = PBXNativeTarget;
			buildConfigurationList = 9A8E74CB25B12171009478E0 /* Build configuration list for PBXNativeTarget "NewStyleButtonUITests" */;
			buildPhases = (
				9A8E74B825B12171009478E0 /* Sources */,
				9A8E74B925B12171009478E0 /* Frameworks */,
				9A8E74BA25B12171009478E0 /* Resources */,
			);
			buildRules = (
			);
			dependencies = (
				9A8E74BE25B12171009478E0 /* PBXTargetDependency */,
			);
			name = NewStyleButtonUITests;
			productName = NewStyleButtonUITests;
			productReference = 9A8E74BC25B12171009478E0 /* NewStyleButtonUITests.xctest */;
			productType = "com.apple.product-type.bundle.ui-testing";
		};
/* End PBXNativeTarget section */

/* Begin PBXProject section */
		9A8E749325B12170009478E0 /* Project object */ = {
			isa = PBXProject;
			attributes = {
				LastSwiftUpdateCheck = 1220;
				LastUpgradeCheck = 1220;
				TargetAttributes = {
					9A8E749A25B12170009478E0 = {
						CreatedOnToolsVersion = 12.2;
					};
					9A8E74B025B12171009478E0 = {
						CreatedOnToolsVersion = 12.2;
						TestTargetID = 9A8E749A25B12170009478E0;
					};
					9A8E74BB25B12171009478E0 = {
						CreatedOnToolsVersion = 12.2;
						TestTargetID = 9A8E749A25B12170009478E0;
					};
				};
			};
			buildConfigurationList = 9A8E749625B12170009478E0 /* Build configuration list for PBXProject "NewStyleButton" */;
			compatibilityVersion = "Xcode 9.3";
			developmentRegion = en;
			hasScannedForEncodings = 0;
			knownRegions = (
				en,
				Base,
			);
			mainGroup = 9A8E749225B12170009478E0;
			productRefGroup = 9A8E749C25B12170009478E0 /* Products */;
			projectDirPath = "";
			projectRoot = "";
			targets = (
				9A8E749A25B12170009478E0 /* NewStyleButton */,
				9A8E74B025B12171009478E0 /* NewStyleButtonTests */,
				9A8E74BB25B12171009478E0 /* NewStyleButtonUITests */,
			);
		};
/* End PBXProject section */

/* Begin PBXResourcesBuildPhase section */
		9A8E749925B12170009478E0 /* Resources */ = {
			isa = PBXResourcesBuildPhase;
			buildActionMask = 2147483647;
			files = (
				9A8E74AB25B12171009478E0 /* LaunchScreen.storyboard in Resources */,
				9A8E74A825B12171009478E0 /* Assets.xcassets in Resources */,
				9A8E74A625B12170009478E0 /* Main.storyboard in Resources */,
			);
			runOnlyForDeploymentPostprocessing = 0;
		};
		9A8E74AF25B12171009478E0 /* Resources */ = {
			isa = PBXResourcesBuildPhase;
			buildActionMask = 2147483647;
			files = (
			);
			runOnlyForDeploymentPostprocessing = 0;
		};
		9A8E74BA25B12171009478E0 /* Resources */ = {
			isa = PBXResourcesBuildPhase;
			buildActionMask = 2147483647;
			files = (
			);
			runOnlyForDeploymentPostprocessing = 0;
		};
/* End PBXResourcesBuildPhase section */

/* Begin PBXSourcesBuildPhase section */
		9A8E749725B12170009478E0 /* Sources */ = {
			isa = PBXSourcesBuildPhase;
			buildActionMask = 2147483647;
			files = (
				9A8E74A325B12170009478E0 /* ViewController.swift in Sources */,
				9A8E749F25B12170009478E0 /* AppDelegate.swift in Sources */,
				9A8E74A125B12170009478E0 /* SceneDelegate.swift in Sources */,
			);
			runOnlyForDeploymentPostprocessing = 0;
		};
		9A8E74AD25B12171009478E0 /* Sources */ = {
			isa = PBXSourcesBuildPhase;
			buildActionMask = 2147483647;
			files = (
				9A8E74B625B12171009478E0 /* NewStyleButtonTests.swift in Sources */,
			);
			runOnlyForDeploymentPostprocessing = 0;
		};
		9A8E74B825B12171009478E0 /* Sources */ = {
			isa = PBXSourcesBuildPhase;
			buildActionMask = 2147483647;
			files = (
				9A8E74C125B12171009478E0 /* NewStyleButtonUITests.swift in Sources */,
			);
			runOnlyForDeploymentPostprocessing = 0;
		};
/* End PBXSourcesBuildPhase section */

/* Begin PBXTargetDependency section */
		9A8E74B325B12171009478E0 /* PBXTargetDependency */ = {
			isa = PBXTargetDependency;
			target = 9A8E749A25B12170009478E0 /* NewStyleButton */;
			targetProxy = 9A8E74B225B12171009478E0 /* PBXContainerItemProxy */;
		};
		9A8E74BE25B12171009478E0 /* PBXTargetDependency */ = {
			isa = PBXTargetDependency;
			target = 9A8E749A25B12170009478E0 /* NewStyleButton */;
			targetProxy = 9A8E74BD25B12171009478E0 /* PBXContainerItemProxy */;
		};
/* End PBXTargetDependency section */

/* Begin PBXVariantGroup section */
		9A8E74A425B12170009478E0 /* Main.storyboard */ = {
			isa = PBXVariantGroup;
			children = (
				9A8E74A525B12170009478E0 /* Base */,
			);
			name = Main.storyboard;
			sourceTree = "<group>";
		};
		9A8E74A925B12171009478E0 /* LaunchScreen.storyboard */ = {
			isa = PBXVariantGroup;
			children = (
				9A8E74AA25B12171009478E0 /* Base */,
			);
			name = LaunchScreen.storyboard;
			sourceTree = "<group>";
		};
/* End PBXVariantGroup section */

/* Begin XCBuildConfiguration section */
		9A8E74C325B12171009478E0 /* Debug */ = {
			isa = XCBuildConfiguration;
			buildSettings = {
				ALWAYS_SEARCH_USER_PATHS = NO;
				CLANG_ANALYZER_NONNULL = YES;
				CLANG_ANALYZER_NUMBER_OBJECT_CONVERSION = YES_AGGRESSIVE;
				CLANG_CXX_LANGUAGE_STANDARD = "gnu++14";
				CLANG_CXX_LIBRARY = "libc++";
				CLANG_ENABLE_MODULES = YES;
				CLANG_ENABLE_OBJC_ARC = YES;
				CLANG_ENABLE_OBJC_WEAK = YES;
				CLANG_WARN_BLOCK_CAPTURE_AUTORELEASING = YES;
				CLANG_WARN_BOOL_CONVERSION = YES;
				CLANG_WARN_COMMA = YES;
				CLANG_WARN_CONSTANT_CONVERSION = YES;
				CLANG_WARN_DEPRECATED_OBJC_IMPLEMENTATIONS = YES;
				CLANG_WARN_DIRECT_OBJC_ISA_USAGE = YES_ERROR;
				CLANG_WARN_DOCUMENTATION_COMMENTS = YES;
				CLANG_WARN_EMPTY_BODY = YES;
				CLANG_WARN_ENUM_CONVERSION = YES;
				CLANG_WARN_INFINITE_RECURSION = YES;
				CLANG_WARN_INT_CONVERSION = YES;
				CLANG_WARN_NON_LITERAL_NULL_CONVERSION = YES;
				CLANG_WARN_OBJC_IMPLICIT_RETAIN_SELF = YES;
				CLANG_WARN_OBJC_LITERAL_CONVERSION = YES;
				CLANG_WARN_OBJC_ROOT_CLASS = YES_ERROR;
				CLANG_WARN_QUOTED_INCLUDE_IN_FRAMEWORK_HEADER = YES;
				CLANG_WARN_RANGE_LOOP_ANALYSIS = YES;
				CLANG_WARN_STRICT_PROTOTYPES = YES;
				CLANG_WARN_SUSPICIOUS_MOVE = YES;
				CLANG_WARN_UNGUARDED_AVAILABILITY = YES_AGGRESSIVE;
				CLANG_WARN_UNREACHABLE_CODE = YES;
				CLANG_WARN__DUPLICATE_METHOD_MATCH = YES;
				COPY_PHASE_STRIP = NO;
				DEBUG_INFORMATION_FORMAT = dwarf;
				ENABLE_STRICT_OBJC_MSGSEND = YES;
				ENABLE_TESTABILITY = YES;
				GCC_C_LANGUAGE_STANDARD = gnu11;
				GCC_DYNAMIC_NO_PIC = NO;
				GCC_NO_COMMON_BLOCKS = YES;
				GCC_OPTIMIZATION_LEVEL = 0;
				GCC_PREPROCESSOR_DEFINITIONS = (
					"DEBUG=1",
					"$(inherited)",
				);
				GCC_WARN_64_TO_32_BIT_CONVERSION = YES;
				GCC_WARN_ABOUT_RETURN_TYPE = YES_ERROR;
				GCC_WARN_UNDECLARED_SELECTOR = YES;
				GCC_WARN_UNINITIALIZED_AUTOS = YES_AGGRESSIVE;
				GCC_WARN_UNUSED_FUNCTION = YES;
				GCC_WARN_UNUSED_VARIABLE = YES;
				IPHONEOS_DEPLOYMENT_TARGET = 14.2;
				MTL_ENABLE_DEBUG_INFO = INCLUDE_SOURCE;
				MTL_FAST_MATH = YES;
				ONLY_ACTIVE_ARCH = YES;
				SDKROOT = iphoneos;
				SWIFT_ACTIVE_COMPILATION_CONDITIONS = DEBUG;
				SWIFT_OPTIMIZATION_LEVEL = "-Onone";
			};
			name = Debug;
		};
		9A8E74C425B12171009478E0 /* Release */ = {
			isa = XCBuildConfiguration;
			buildSettings = {
				ALWAYS_SEARCH_USER_PATHS = NO;
				CLANG_ANALYZER_NONNULL = YES;
				CLANG_ANALYZER_NUMBER_OBJECT_CONVERSION = YES_AGGRESSIVE;
				CLANG_CXX_LANGUAGE_STANDARD = "gnu++14";
				CLANG_CXX_LIBRARY = "libc++";
				CLANG_ENABLE_MODULES = YES;
				CLANG_ENABLE_OBJC_ARC = YES;
				CLANG_ENABLE_OBJC_WEAK = YES;
				CLANG_WARN_BLOCK_CAPTURE_AUTORELEASING = YES;
				CLANG_WARN_BOOL_CONVERSION = YES;
				CLANG_WARN_COMMA = YES;
				CLANG_WARN_CONSTANT_CONVERSION = YES;
				CLANG_WARN_DEPRECATED_OBJC_IMPLEMENTATIONS = YES;
				CLANG_WARN_DIRECT_OBJC_ISA_USAGE = YES_ERROR;
				CLANG_WARN_DOCUMENTATION_COMMENTS = YES;
				CLANG_WARN_EMPTY_BODY = YES;
				CLANG_WARN_ENUM_CONVERSION = YES;
				CLANG_WARN_INFINITE_RECURSION = YES;
				CLANG_WARN_INT_CONVERSION = YES;
				CLANG_WARN_NON_LITERAL_NULL_CONVERSION = YES;
				CLANG_WARN_OBJC_IMPLICIT_RETAIN_SELF = YES;
				CLANG_WARN_OBJC_LITERAL_CONVERSION = YES;
				CLANG_WARN_OBJC_ROOT_CLASS = YES_ERROR;
				CLANG_WARN_QUOTED_INCLUDE_IN_FRAMEWORK_HEADER = YES;
				CLANG_WARN_RANGE_LOOP_ANALYSIS = YES;
				CLANG_WARN_STRICT_PROTOTYPES = YES;
				CLANG_WARN_SUSPICIOUS_MOVE = YES;
				CLANG_WARN_UNGUARDED_AVAILABILITY = YES_AGGRESSIVE;
				CLANG_WARN_UNREACHABLE_CODE = YES;
				CLANG_WARN__DUPLICATE_METHOD_MATCH = YES;
				COPY_PHASE_STRIP = NO;
				DEBUG_INFORMATION_FORMAT = "dwarf-with-dsym";
				ENABLE_NS_ASSERTIONS = NO;
				ENABLE_STRICT_OBJC_MSGSEND = YES;
				GCC_C_LANGUAGE_STANDARD = gnu11;
				GCC_NO_COMMON_BLOCKS = YES;
				GCC_WARN_64_TO_32_BIT_CONVERSION = YES;
				GCC_WARN_ABOUT_RETURN_TYPE = YES_ERROR;
				GCC_WARN_UNDECLARED_SELECTOR = YES;
				GCC_WARN_UNINITIALIZED_AUTOS = YES_AGGRESSIVE;
				GCC_WARN_UNUSED_FUNCTION = YES;
				GCC_WARN_UNUSED_VARIABLE = YES;
				IPHONEOS_DEPLOYMENT_TARGET = 14.2;
				MTL_ENABLE_DEBUG_INFO = NO;
				MTL_FAST_MATH = YES;
				SDKROOT = iphoneos;
				SWIFT_COMPILATION_MODE = wholemodule;
				SWIFT_OPTIMIZATION_LEVEL = "-O";
				VALIDATE_PRODUCT = YES;
			};
			name = Release;
		};
		9A8E74C625B12171009478E0 /* Debug */ = {
			isa = XCBuildConfiguration;
			buildSettings = {
				ASSETCATALOG_COMPILER_APPICON_NAME = AppIcon;
				ASSETCATALOG_COMPILER_GLOBAL_ACCENT_COLOR_NAME = AccentColor;
				CODE_SIGN_STYLE = Automatic;
				DEVELOPMENT_TEAM = C6T929VMZT;
				INFOPLIST_FILE = NewStyleButton/Info.plist;
				LD_RUNPATH_SEARCH_PATHS = (
					"$(inherited)",
					"@executable_path/Frameworks",
				);
				PRODUCT_BUNDLE_IDENTIFIER = inswag.kr.NewStyleButton;
				PRODUCT_NAME = "$(TARGET_NAME)";
				SWIFT_VERSION = 5.0;
				TARGETED_DEVICE_FAMILY = "1,2";
			};
			name = Debug;
		};
		9A8E74C725B12171009478E0 /* Release */ = {
			isa = XCBuildConfiguration;
			buildSettings = {
				ASSETCATALOG_COMPILER_APPICON_NAME = AppIcon;
				ASSETCATALOG_COMPILER_GLOBAL_ACCENT_COLOR_NAME = AccentColor;
				CODE_SIGN_STYLE = Automatic;
				DEVELOPMENT_TEAM = C6T929VMZT;
				INFOPLIST_FILE = NewStyleButton/Info.plist;
				LD_RUNPATH_SEARCH_PATHS = (
					"$(inherited)",
					"@executable_path/Frameworks",
				);
				PRODUCT_BUNDLE_IDENTIFIER = inswag.kr.NewStyleButton;
				PRODUCT_NAME = "$(TARGET_NAME)";
				SWIFT_VERSION = 5.0;
				TARGETED_DEVICE_FAMILY = "1,2";
			};
			name = Release;
		};
		9A8E74C925B12171009478E0 /* Debug */ = {
			isa = XCBuildConfiguration;
			buildSettings = {
				ALWAYS_EMBED_SWIFT_STANDARD_LIBRARIES = YES;
				BUNDLE_LOADER = "$(TEST_HOST)";
				CODE_SIGN_STYLE = Automatic;
				DEVELOPMENT_TEAM = C6T929VMZT;
				INFOPLIST_FILE = NewStyleButtonTests/Info.plist;
				IPHONEOS_DEPLOYMENT_TARGET = 14.2;
				LD_RUNPATH_SEARCH_PATHS = (
					"$(inherited)",
					"@executable_path/Frameworks",
					"@loader_path/Frameworks",
				);
				PRODUCT_BUNDLE_IDENTIFIER = inswag.kr.NewStyleButtonTests;
				PRODUCT_NAME = "$(TARGET_NAME)";
				SWIFT_VERSION = 5.0;
				TARGETED_DEVICE_FAMILY = "1,2";
				TEST_HOST = "$(BUILT_PRODUCTS_DIR)/NewStyleButton.app/NewStyleButton";
			};
			name = Debug;
		};
		9A8E74CA25B12171009478E0 /* Release */ = {
			isa = XCBuildConfiguration;
			buildSettings = {
				ALWAYS_EMBED_SWIFT_STANDARD_LIBRARIES = YES;
				BUNDLE_LOADER = "$(TEST_HOST)";
				CODE_SIGN_STYLE = Automatic;
				DEVELOPMENT_TEAM = C6T929VMZT;
				INFOPLIST_FILE = NewStyleButtonTests/Info.plist;
				IPHONEOS_DEPLOYMENT_TARGET = 14.2;
				LD_RUNPATH_SEARCH_PATHS = (
					"$(inherited)",
					"@executable_path/Frameworks",
					"@loader_path/Frameworks",
				);
				PRODUCT_BUNDLE_IDENTIFIER = inswag.kr.NewStyleButtonTests;
				PRODUCT_NAME = "$(TARGET_NAME)";
				SWIFT_VERSION = 5.0;
				TARGETED_DEVICE_FAMILY = "1,2";
				TEST_HOST = "$(BUILT_PRODUCTS_DIR)/NewStyleButton.app/NewStyleButton";
			};
			name = Release;
		};
		9A8E74CC25B12171009478E0 /* Debug */ = {
			isa = XCBuildConfiguration;
			buildSettings = {
				ALWAYS_EMBED_SWIFT_STANDARD_LIBRARIES = YES;
				CODE_SIGN_STYLE = Automatic;
				DEVELOPMENT_TEAM = C6T929VMZT;
				INFOPLIST_FILE = NewStyleButtonUITests/Info.plist;
				LD_RUNPATH_SEARCH_PATHS = (
					"$(inherited)",
					"@executable_path/Frameworks",
					"@loader_path/Frameworks",
				);
				PRODUCT_BUNDLE_IDENTIFIER = inswag.kr.NewStyleButtonUITests;
				PRODUCT_NAME = "$(TARGET_NAME)";
				SWIFT_VERSION = 5.0;
				TARGETED_DEVICE_FAMILY = "1,2";
				TEST_TARGET_NAME = NewStyleButton;
			};
			name = Debug;
		};
		9A8E74CD25B12171009478E0 /* Release */ = {
			isa = XCBuildConfiguration;
			buildSettings = {
				ALWAYS_EMBED_SWIFT_STANDARD_LIBRARIES = YES;
				CODE_SIGN_STYLE = Automatic;
				DEVELOPMENT_TEAM = C6T929VMZT;
				INFOPLIST_FILE = NewStyleButtonUITests/Info.plist;
				LD_RUNPATH_SEARCH_PATHS = (
					"$(inherited)",
					"@executable_path/Frameworks",
					"@loader_path/Frameworks",
				);
				PRODUCT_BUNDLE_IDENTIFIER = inswag.kr.NewStyleButtonUITests;
				PRODUCT_NAME = "$(TARGET_NAME)";
				SWIFT_VERSION = 5.0;
				TARGETED_DEVICE_FAMILY = "1,2";
				TEST_TARGET_NAME = NewStyleButton;
			};
			name = Release;
		};
/* End XCBuildConfiguration section */

/* Begin XCConfigurationList section */
		9A8E749625B12170009478E0 /* Build configuration list for PBXProject "NewStyleButton" */ = {
			isa = XCConfigurationList;
			buildConfigurations = (
				9A8E74C325B12171009478E0 /* Debug */,
				9A8E74C425B12171009478E0 /* Release */,
			);
			defaultConfigurationIsVisible = 0;
			defaultConfigurationName = Release;
		};
		9A8E74C525B12171009478E0 /* Build configuration list for PBXNativeTarget "NewStyleButton" */ = {
			isa = XCConfigurationList;
			buildConfigurations = (
				9A8E74C625B12171009478E0 /* Debug */,
				9A8E74C725B12171009478E0 /* Release */,
			);
			defaultConfigurationIsVisible = 0;
			defaultConfigurationName = Release;
		};
		9A8E74C825B12171009478E0 /* Build configuration list for PBXNativeTarget "NewStyleButtonTests" */ = {
			isa = XCConfigurationList;
			buildConfigurations = (
				9A8E74C925B12171009478E0 /* Debug */,
				9A8E74CA25B12171009478E0 /* Release */,
			);
			defaultConfigurationIsVisible = 0;
			defaultConfigurationName = Release;
		};
		9A8E74CB25B12171009478E0 /* Build configuration list for PBXNativeTarget "NewStyleButtonUITests" */ = {
			isa = XCConfigurationList;
			buildConfigurations = (
				9A8E74CC25B12171009478E0 /* Debug */,
				9A8E74CD25B12171009478E0 /* Release */,
			);
			defaultConfigurationIsVisible = 0;
			defaultConfigurationName = Release;
		};
/* End XCConfigurationList section */
	};
	rootObject = 9A8E749325B12170009478E0 /* Project object */;
}
